
Microsoft Visual Studio Solution File, Format Version 12.00
# Visual Studio 14
VisualStudioVersion = 14.0.25123.0
MinimumVisualStudioVersion = 10.0.40219.1
Project("{31736257-31D3-4687-94C4-1C2AC81E2922}") = "Sitecore.Support.208634", "Sitecore.Support.208634\Sitecore.Support.208634.csproj", "{F9621EE6-8E76-43C5-A6F7-14BA42B0AD45}"
EndProject
Global
	GlobalSection(SolutionConfigurationPlatforms) = preSolution
		Debug|Any CPU = Debug|Any CPU
		Release|Any CPU = Release|Any CPU
	EndGlobalSection
	GlobalSection(ProjectConfigurationPlatforms) = postSolution
		{F9621EE6-8E76-43C5-A6F7-14BA42B0AD45}.Debug|Any CPU.ActiveCfg = Debug|Any CPU
		{F9621EE6-8E76-43C5-A6F7-14BA42B0AD45}.Debug|Any CPU.Build.0 = Debug|Any CPU
		{F9621EE6-8E76-43C5-A6F7-14BA42B0AD45}.Release|Any CPU.ActiveCfg = Release|Any CPU
		{F9621EE6-8E76-43C5-A6F7-14BA42B0AD45}.Release|Any CPU.Build.0 = Release|Any CPU
	EndGlobalSection
	GlobalSection(SolutionProperties) = preSolution
		HideSolutionNode = FALSE
	EndGlobalSection
EndGlobal
